
Microsoft Visual Studio Solution File, Format Version 12.00
# Visual Studio Version 16
VisualStudioVersion = 16.0.30907.101
MinimumVisualStudioVersion = 10.0.40219.1
Project("{FAE04EC0-301F-11D3-BF4B-00C04F79EFBC}") = "BlazorDemo", "BlazorDemo\BlazorDemo.csproj", "{262D1009-275A-4940-96AD-7F0D38AE5360}"
EndProject
Global
	GlobalSection(SolutionConfigurationPlatforms) = preSolution
		Debug|Any CPU = Debug|Any CPU
		Release|Any CPU = Release|Any CPU
	EndGlobalSection
	GlobalSection(ProjectConfigurationPlatforms) = postSolution
		{262D1009-275A-4940-96AD-7F0D38AE5360}.Debug|Any CPU.ActiveCfg = Debug|Any CPU
		{262D1009-275A-4940-96AD-7F0D38AE5360}.Debug|Any CPU.Build.0 = Debug|Any CPU
		{262D1009-275A-4940-96AD-7F0D38AE5360}.Release|Any CPU.ActiveCfg = Release|Any CPU
		{262D1009-275A-4940-96AD-7F0D38AE5360}.Release|Any CPU.Build.0 = Release|Any CPU
	EndGlobalSection
	GlobalSection(SolutionProperties) = preSolution
		HideSolutionNode = FALSE
	EndGlobalSection
	GlobalSection(ExtensibilityGlobals) = postSolution
		SolutionGuid = {6FA18DAC-3E0D-44CB-92EC-44FAE230E079}
	EndGlobalSection
EndGlobal
